// !$*UTF8*$!
{
	archiveVersion = 1;
	classes = {
	};
	objectVersion = 52;
	objects = {

/* Begin PBXBuildFile section */
		FA0BB46527566FBC00A47F57 /* MainMessagesView.swift in Sources */ = {isa = PBXBuildFile; fileRef = FA0BB46427566FBC00A47F57 /* MainMessagesView.swift */; };
		FA597781275562B700D87D31 /* FirebaseFunctions in Frameworks */ = {isa = PBXBuildFile; productRef = FA597780275562B700D87D31 /* FirebaseFunctions */; };
		FA597783275562B700D87D31 /* FirebaseStorage in Frameworks */ = {isa = PBXBuildFile; productRef = FA597782275562B700D87D31 /* FirebaseStorage */; };
		FA597785275562B700D87D31 /* FirebaseAuth in Frameworks */ = {isa = PBXBuildFile; productRef = FA597784275562B700D87D31 /* FirebaseAuth */; };
		FA597787275562B700D87D31 /* FirebaseFirestore in Frameworks */ = {isa = PBXBuildFile; productRef = FA597786275562B700D87D31 /* FirebaseFirestore */; };
		FA7A507927523FAF00B694C6 /* ImagePicker.swift in Sources */ = {isa = PBXBuildFile; fileRef = FA7A507827523FAF00B694C6 /* ImagePicker.swift */; };
		FA8888F72758C8B500225365 /* FirebaseManager.swift in Sources */ = {isa = PBXBuildFile; fileRef = FA8888F62758C8B500225365 /* FirebaseManager.swift */; };
		FA8888FA2758D43700225365 /* SDWebImageSwiftUI in Frameworks */ = {isa = PBXBuildFile; productRef = FA8888F92758D43700225365 /* SDWebImageSwiftUI */; };
		FA8888FD2759055F00225365 /* ChatUser.swift in Sources */ = {isa = PBXBuildFile; fileRef = FA8888FC2759055F00225365 /* ChatUser.swift */; };
		FA9789FE275CCAA50006B4EF /* CreateNewMessageView.swift in Sources */ = {isa = PBXBuildFile; fileRef = FA9789FD275CCAA50006B4EF /* CreateNewMessageView.swift */; };
		FA978A01275E1CB70006B4EF /* ChatLogView.swift in Sources */ = {isa = PBXBuildFile; fileRef = FA978A00275E1CB70006B4EF /* ChatLogView.swift */; };
		FAEB145E274E272C004B704C /* FirebaseChatApp.swift in Sources */ = {isa = PBXBuildFile; fileRef = FAEB145D274E272C004B704C /* FirebaseChatApp.swift */; };
		FAEB1460274E272C004B704C /* LoginView.swift in Sources */ = {isa = PBXBuildFile; fileRef = FAEB145F274E272C004B704C /* LoginView.swift */; };
		FAEB1462274E272D004B704C /* Assets.xcassets in Resources */ = {isa = PBXBuildFile; fileRef = FAEB1461274E272D004B704C /* Assets.xcassets */; };
		FAEB1465274E272D004B704C /* Preview Assets.xcassets in Resources */ = {isa = PBXBuildFile; fileRef = FAEB1464274E272D004B704C /* Preview Assets.xcassets */; };
		FAEB1472274E8493004B704C /* GoogleService-Info.plist in Resources */ = {isa = PBXBuildFile; fileRef = FAEB1471274E8493004B704C /* GoogleService-Info.plist */; };
/* End PBXBuildFile section */

/* Begin PBXFileReference section */
		FA0BB46427566FBC00A47F57 /* MainMessagesView.swift */ = {isa = PBXFileReference; lastKnownFileType = sourcecode.swift; path = MainMessagesView.swift; sourceTree = "<group>"; };
		FA7A507827523FAF00B694C6 /* ImagePicker.swift */ = {isa = PBXFileReference; lastKnownFileType = sourcecode.swift; path = ImagePicker.swift; sourceTree = "<group>"; };
		FA8888F62758C8B500225365 /* FirebaseManager.swift */ = {isa = PBXFileReference; lastKnownFileType = sourcecode.swift; path = FirebaseManager.swift; sourceTree = "<group>"; };
		FA8888FC2759055F00225365 /* ChatUser.swift */ = {isa = PBXFileReference; lastKnownFileType = sourcecode.swift; path = ChatUser.swift; sourceTree = "<group>"; };
		FA9789FD275CCAA50006B4EF /* CreateNewMessageView.swift */ = {isa = PBXFileReference; lastKnownFileType = sourcecode.swift; path = CreateNewMessageView.swift; sourceTree = "<group>"; };
		FA978A00275E1CB70006B4EF /* ChatLogView.swift */ = {isa = PBXFileReference; lastKnownFileType = sourcecode.swift; path = ChatLogView.swift; sourceTree = "<group>"; };
		FAEB145A274E272C004B704C /* FirebaseChat.app */ = {isa = PBXFileReference; explicitFileType = wrapper.application; includeInIndex = 0; path = FirebaseChat.app; sourceTree = BUILT_PRODUCTS_DIR; };
		FAEB145D274E272C004B704C /* FirebaseChatApp.swift */ = {isa = PBXFileReference; lastKnownFileType = sourcecode.swift; path = FirebaseChatApp.swift; sourceTree = "<group>"; };
		FAEB145F274E272C004B704C /* LoginView.swift */ = {isa = PBXFileReference; lastKnownFileType = sourcecode.swift; path = LoginView.swift; sourceTree = "<group>"; };
		FAEB1461274E272D004B704C /* Assets.xcassets */ = {isa = PBXFileReference; lastKnownFileType = folder.assetcatalog; path = Assets.xcassets; sourceTree = "<group>"; };
		FAEB1464274E272D004B704C /* Preview Assets.xcassets */ = {isa = PBXFileReference; lastKnownFileType = folder.assetcatalog; path = "Preview Assets.xcassets"; sourceTree = "<group>"; };
		FAEB1466274E272D004B704C /* Info.plist */ = {isa = PBXFileReference; lastKnownFileType = text.plist.xml; path = Info.plist; sourceTree = "<group>"; };
		FAEB1471274E8493004B704C /* GoogleService-Info.plist */ = {isa = PBXFileReference; fileEncoding = 4; lastKnownFileType = text.plist.xml; path = "GoogleService-Info.plist"; sourceTree = "<group>"; };
/* End PBXFileReference section */

/* Begin PBXFrameworksBuildPhase section */
		FAEB1457274E272C004B704C /* Frameworks */ = {
			isa = PBXFrameworksBuildPhase;
			buildActionMask = 2147483647;
			files = (
				FA8888FA2758D43700225365 /* SDWebImageSwiftUI in Frameworks */,
				FA597781275562B700D87D31 /* FirebaseFunctions in Frameworks */,
				FA597787275562B700D87D31 /* FirebaseFirestore in Frameworks */,
				FA597785275562B700D87D31 /* FirebaseAuth in Frameworks */,
				FA597783275562B700D87D31 /* FirebaseStorage in Frameworks */,
			);
			runOnlyForDeploymentPostprocessing = 0;
		};
/* End PBXFrameworksBuildPhase section */

/* Begin PBXGroup section */
		FA0BB46327566FA800A47F57 /* MainMessages */ = {
			isa = PBXGroup;
			children = (
				FA9789FF275E1CA10006B4EF /* Chat */,
				FA978A02275E1E290006B4EF /* CreateNewMessage */,
				FA0BB46427566FBC00A47F57 /* MainMessagesView.swift */,
			);
			path = MainMessages;
			sourceTree = "<group>";
		};
		FA8888F52758C89900225365 /* Utils */ = {
			isa = PBXGroup;
			children = (
				FA8888F62758C8B500225365 /* FirebaseManager.swift */,
			);
			path = Utils;
			sourceTree = "<group>";
		};
		FA8888FB2759054C00225365 /* Model */ = {
			isa = PBXGroup;
			children = (
				FA8888FC2759055F00225365 /* ChatUser.swift */,
			);
			path = Model;
			sourceTree = "<group>";
		};
		FA9789FF275E1CA10006B4EF /* Chat */ = {
			isa = PBXGroup;
			children = (
				FA978A00275E1CB70006B4EF /* ChatLogView.swift */,
			);
			path = Chat;
			sourceTree = "<group>";
		};
		FA978A02275E1E290006B4EF /* CreateNewMessage */ = {
			isa = PBXGroup;
			children = (
				FA9789FD275CCAA50006B4EF /* CreateNewMessageView.swift */,
			);
			path = CreateNewMessage;
			sourceTree = "<group>";
		};
		FAEB1451274E272C004B704C = {
			isa = PBXGroup;
			children = (
				FAEB145C274E272C004B704C /* FirebaseChat */,
				FAEB145B274E272C004B704C /* Products */,
			);
			sourceTree = "<group>";
		};
		FAEB145B274E272C004B704C /* Products */ = {
			isa = PBXGroup;
			children = (
				FAEB145A274E272C004B704C /* FirebaseChat.app */,
			);
			name = Products;
			sourceTree = "<group>";
		};
		FAEB145C274E272C004B704C /* FirebaseChat */ = {
			isa = PBXGroup;
			children = (
				FA8888FB2759054C00225365 /* Model */,
				FA8888F52758C89900225365 /* Utils */,
				FA0BB46327566FA800A47F57 /* MainMessages */,
				FAEB145D274E272C004B704C /* FirebaseChatApp.swift */,
				FAEB145F274E272C004B704C /* LoginView.swift */,
				FA7A507827523FAF00B694C6 /* ImagePicker.swift */,
				FAEB1461274E272D004B704C /* Assets.xcassets */,
				FAEB1466274E272D004B704C /* Info.plist */,
				FAEB1471274E8493004B704C /* GoogleService-Info.plist */,
				FAEB1463274E272D004B704C /* Preview Content */,
			);
			path = FirebaseChat;
			sourceTree = "<group>";
		};
		FAEB1463274E272D004B704C /* Preview Content */ = {
			isa = PBXGroup;
			children = (
				FAEB1464274E272D004B704C /* Preview Assets.xcassets */,
			);
			path = "Preview Content";
			sourceTree = "<group>";
		};
/* End PBXGroup section */

/* Begin PBXNativeTarget section */
		FAEB1459274E272C004B704C /* FirebaseChat */ = {
			isa = PBXNativeTarget;
			buildConfigurationList = FAEB1469274E272D004B704C /* Build configuration list for PBXNativeTarget "FirebaseChat" */;
			buildPhases = (
				FAEB1456274E272C004B704C /* Sources */,
				FAEB1457274E272C004B704C /* Frameworks */,
				FAEB1458274E272C004B704C /* Resources */,
			);
			buildRules = (
			);
			dependencies = (
			);
			name = FirebaseChat;
			packageProductDependencies = (
				FA597780275562B700D87D31 /* FirebaseFunctions */,
				FA597782275562B700D87D31 /* FirebaseStorage */,
				FA597784275562B700D87D31 /* FirebaseAuth */,
				FA597786275562B700D87D31 /* FirebaseFirestore */,
				FA8888F92758D43700225365 /* SDWebImageSwiftUI */,
			);
			productName = FirebaseChat;
			productReference = FAEB145A274E272C004B704C /* FirebaseChat.app */;
			productType = "com.apple.product-type.application";
		};
/* End PBXNativeTarget section */

/* Begin PBXProject section */
		FAEB1452274E272C004B704C /* Project object */ = {
			isa = PBXProject;
			attributes = {
				LastSwiftUpdateCheck = 1250;
				LastUpgradeCheck = 1250;
				TargetAttributes = {
					FAEB1459274E272C004B704C = {
						CreatedOnToolsVersion = 12.5.1;
					};
				};
			};
			buildConfigurationList = FAEB1455274E272C004B704C /* Build configuration list for PBXProject "FirebaseChat" */;
			compatibilityVersion = "Xcode 9.3";
			developmentRegion = en;
			hasScannedForEncodings = 0;
			knownRegions = (
				en,
				Base,
			);
			mainGroup = FAEB1451274E272C004B704C;
			packageReferences = (
				FA59777F275562B700D87D31 /* XCRemoteSwiftPackageReference "firebase-ios-sdk" */,
				FA8888F82758D43700225365 /* XCRemoteSwiftPackageReference "SDWebImageSwiftUI" */,
			);
			productRefGroup = FAEB145B274E272C004B704C /* Products */;
			projectDirPath = "";
			projectRoot = "";
			targets = (
				FAEB1459274E272C004B704C /* FirebaseChat */,
			);
		};
/* End PBXProject section */

/* Begin PBXResourcesBuildPhase section */
		FAEB1458274E272C004B704C /* Resources */ = {
			isa = PBXResourcesBuildPhase;
			buildActionMask = 2147483647;
			files = (
				FAEB1465274E272D004B704C /* Preview Assets.xcassets in Resources */,
				FAEB1462274E272D004B704C /* Assets.xcassets in Resources */,
				FAEB1472274E8493004B704C /* GoogleService-Info.plist in Resources */,
			);
			runOnlyForDeploymentPostprocessing = 0;
		};
/* End PBXResourcesBuildPhase section */

/* Begin PBXSourcesBuildPhase section */
		FAEB1456274E272C004B704C /* Sources */ = {
			isa = PBXSourcesBuildPhase;
			buildActionMask = 2147483647;
			files = (
				FA8888FD2759055F00225365 /* ChatUser.swift in Sources */,
				FA978A01275E1CB70006B4EF /* ChatLogView.swift in Sources */,
				FAEB1460274E272C004B704C /* LoginView.swift in Sources */,
				FA9789FE275CCAA50006B4EF /* CreateNewMessageView.swift in Sources */,
				FA0BB46527566FBC00A47F57 /* MainMessagesView.swift in Sources */,
				FA8888F72758C8B500225365 /* FirebaseManager.swift in Sources */,
				FA7A507927523FAF00B694C6 /* ImagePicker.swift in Sources */,
				FAEB145E274E272C004B704C /* FirebaseChatApp.swift in Sources */,
			);
			runOnlyForDeploymentPostprocessing = 0;
		};
/* End PBXSourcesBuildPhase section */

/* Begin XCBuildConfiguration section */
		FAEB1467274E272D004B704C /* Debug */ = {
			isa = XCBuildConfiguration;
			buildSettings = {
				ALWAYS_SEARCH_USER_PATHS = NO;
				CLANG_ANALYZER_NONNULL = YES;
				CLANG_ANALYZER_NUMBER_OBJECT_CONVERSION = YES_AGGRESSIVE;
				CLANG_CXX_LANGUAGE_STANDARD = "gnu++14";
				CLANG_CXX_LIBRARY = "libc++";
				CLANG_ENABLE_MODULES = YES;
				CLANG_ENABLE_OBJC_ARC = YES;
				CLANG_ENABLE_OBJC_WEAK = YES;
				CLANG_WARN_BLOCK_CAPTURE_AUTORELEASING = YES;
				CLANG_WARN_BOOL_CONVERSION = YES;
				CLANG_WARN_COMMA = YES;
				CLANG_WARN_CONSTANT_CONVERSION = YES;
				CLANG_WARN_DEPRECATED_OBJC_IMPLEMENTATIONS = YES;
				CLANG_WARN_DIRECT_OBJC_ISA_USAGE = YES_ERROR;
				CLANG_WARN_DOCUMENTATION_COMMENTS = YES;
				CLANG_WARN_EMPTY_BODY = YES;
				CLANG_WARN_ENUM_CONVERSION = YES;
				CLANG_WARN_INFINITE_RECURSION = YES;
				CLANG_WARN_INT_CONVERSION = YES;
				CLANG_WARN_NON_LITERAL_NULL_CONVERSION = YES;
				CLANG_WARN_OBJC_IMPLICIT_RETAIN_SELF = YES;
				CLANG_WARN_OBJC_LITERAL_CONVERSION = YES;
				CLANG_WARN_OBJC_ROOT_CLASS = YES_ERROR;
				CLANG_WARN_QUOTED_INCLUDE_IN_FRAMEWORK_HEADER = YES;
				CLANG_WARN_RANGE_LOOP_ANALYSIS = YES;
				CLANG_WARN_STRICT_PROTOTYPES = YES;
				CLANG_WARN_SUSPICIOUS_MOVE = YES;
				CLANG_WARN_UNGUARDED_AVAILABILITY = YES_AGGRESSIVE;
				CLANG_WARN_UNREACHABLE_CODE = YES;
				CLANG_WARN__DUPLICATE_METHOD_MATCH = YES;
				COPY_PHASE_STRIP = NO;
				DEBUG_INFORMATION_FORMAT = dwarf;
				ENABLE_STRICT_OBJC_MSGSEND = YES;
				ENABLE_TESTABILITY = YES;
				GCC_C_LANGUAGE_STANDARD = gnu11;
				GCC_DYNAMIC_NO_PIC = NO;
				GCC_NO_COMMON_BLOCKS = YES;
				GCC_OPTIMIZATION_LEVEL = 0;
				GCC_PREPROCESSOR_DEFINITIONS = (
					"DEBUG=1",
					"$(inherited)",
				);
				GCC_WARN_64_TO_32_BIT_CONVERSION = YES;
				GCC_WARN_ABOUT_RETURN_TYPE = YES_ERROR;
				GCC_WARN_UNDECLARED_SELECTOR = YES;
				GCC_WARN_UNINITIALIZED_AUTOS = YES_AGGRESSIVE;
				GCC_WARN_UNUSED_FUNCTION = YES;
				GCC_WARN_UNUSED_VARIABLE = YES;
				IPHONEOS_DEPLOYMENT_TARGET = 14.5;
				MTL_ENABLE_DEBUG_INFO = INCLUDE_SOURCE;
				MTL_FAST_MATH = YES;
				ONLY_ACTIVE_ARCH = YES;
				SDKROOT = iphoneos;
				SWIFT_ACTIVE_COMPILATION_CONDITIONS = DEBUG;
				SWIFT_OPTIMIZATION_LEVEL = "-Onone";
			};
			name = Debug;
		};
		FAEB1468274E272D004B704C /* Release */ = {
			isa = XCBuildConfiguration;
			buildSettings = {
				ALWAYS_SEARCH_USER_PATHS = NO;
				CLANG_ANALYZER_NONNULL = YES;
				CLANG_ANALYZER_NUMBER_OBJECT_CONVERSION = YES_AGGRESSIVE;
				CLANG_CXX_LANGUAGE_STANDARD = "gnu++14";
				CLANG_CXX_LIBRARY = "libc++";
				CLANG_ENABLE_MODULES = YES;
				CLANG_ENABLE_OBJC_ARC = YES;
				CLANG_ENABLE_OBJC_WEAK = YES;
				CLANG_WARN_BLOCK_CAPTURE_AUTORELEASING = YES;
				CLANG_WARN_BOOL_CONVERSION = YES;
				CLANG_WARN_COMMA = YES;
				CLANG_WARN_CONSTANT_CONVERSION = YES;
				CLANG_WARN_DEPRECATED_OBJC_IMPLEMENTATIONS = YES;
				CLANG_WARN_DIRECT_OBJC_ISA_USAGE = YES_ERROR;
				CLANG_WARN_DOCUMENTATION_COMMENTS = YES;
				CLANG_WARN_EMPTY_BODY = YES;
				CLANG_WARN_ENUM_CONVERSION = YES;
				CLANG_WARN_INFINITE_RECURSION = YES;
				CLANG_WARN_INT_CONVERSION = YES;
				CLANG_WARN_NON_LITERAL_NULL_CONVERSION = YES;
				CLANG_WARN_OBJC_IMPLICIT_RETAIN_SELF = YES;
				CLANG_WARN_OBJC_LITERAL_CONVERSION = YES;
				CLANG_WARN_OBJC_ROOT_CLASS = YES_ERROR;
				CLANG_WARN_QUOTED_INCLUDE_IN_FRAMEWORK_HEADER = YES;
				CLANG_WARN_RANGE_LOOP_ANALYSIS = YES;
				CLANG_WARN_STRICT_PROTOTYPES = YES;
				CLANG_WARN_SUSPICIOUS_MOVE = YES;
				CLANG_WARN_UNGUARDED_AVAILABILITY = YES_AGGRESSIVE;
				CLANG_WARN_UNREACHABLE_CODE = YES;
				CLANG_WARN__DUPLICATE_METHOD_MATCH = YES;
				COPY_PHASE_STRIP = NO;
				DEBUG_INFORMATION_FORMAT = "dwarf-with-dsym";
				ENABLE_NS_ASSERTIONS = NO;
				ENABLE_STRICT_OBJC_MSGSEND = YES;
				GCC_C_LANGUAGE_STANDARD = gnu11;
				GCC_NO_COMMON_BLOCKS = YES;
				GCC_WARN_64_TO_32_BIT_CONVERSION = YES;
				GCC_WARN_ABOUT_RETURN_TYPE = YES_ERROR;
				GCC_WARN_UNDECLARED_SELECTOR = YES;
				GCC_WARN_UNINITIALIZED_AUTOS = YES_AGGRESSIVE;
				GCC_WARN_UNUSED_FUNCTION = YES;
				GCC_WARN_UNUSED_VARIABLE = YES;
				IPHONEOS_DEPLOYMENT_TARGET = 14.5;
				MTL_ENABLE_DEBUG_INFO = NO;
				MTL_FAST_MATH = YES;
				SDKROOT = iphoneos;
				SWIFT_COMPILATION_MODE = wholemodule;
				SWIFT_OPTIMIZATION_LEVEL = "-O";
				VALIDATE_PRODUCT = YES;
			};
			name = Release;
		};
		FAEB146A274E272D004B704C /* Debug */ = {
			isa = XCBuildConfiguration;
			buildSettings = {
				ASSETCATALOG_COMPILER_APPICON_NAME = AppIcon;
				ASSETCATALOG_COMPILER_GLOBAL_ACCENT_COLOR_NAME = AccentColor;
				CODE_SIGN_STYLE = Automatic;
				DEVELOPMENT_ASSET_PATHS = "\"FirebaseChat/Preview Content\"";
				DEVELOPMENT_TEAM = QN9H6D325T;
				ENABLE_PREVIEWS = YES;
				INFOPLIST_FILE = FirebaseChat/Info.plist;
				IPHONEOS_DEPLOYMENT_TARGET = 14.0;
				LD_RUNPATH_SEARCH_PATHS = (
					"$(inherited)",
					"@executable_path/Frameworks",
				);
				PRODUCT_BUNDLE_IDENTIFIER = alexey.koleda.FirebaseChat;
				PRODUCT_NAME = "$(TARGET_NAME)";
				SWIFT_VERSION = 5.0;
				TARGETED_DEVICE_FAMILY = "1,2";
			};
			name = Debug;
		};
		FAEB146B274E272D004B704C /* Release */ = {
			isa = XCBuildConfiguration;
			buildSettings = {
				ASSETCATALOG_COMPILER_APPICON_NAME = AppIcon;
				ASSETCATALOG_COMPILER_GLOBAL_ACCENT_COLOR_NAME = AccentColor;
				CODE_SIGN_STYLE = Automatic;
				DEVELOPMENT_ASSET_PATHS = "\"FirebaseChat/Preview Content\"";
				DEVELOPMENT_TEAM = QN9H6D325T;
				ENABLE_PREVIEWS = YES;
				INFOPLIST_FILE = FirebaseChat/Info.plist;
				IPHONEOS_DEPLOYMENT_TARGET = 14.0;
				LD_RUNPATH_SEARCH_PATHS = (
					"$(inherited)",
					"@executable_path/Frameworks",
				);
				PRODUCT_BUNDLE_IDENTIFIER = alexey.koleda.FirebaseChat;
				PRODUCT_NAME = "$(TARGET_NAME)";
				SWIFT_VERSION = 5.0;
				TARGETED_DEVICE_FAMILY = "1,2";
			};
			name = Release;
		};
/* End XCBuildConfiguration section */

/* Begin XCConfigurationList section */
		FAEB1455274E272C004B704C /* Build configuration list for PBXProject "FirebaseChat" */ = {
			isa = XCConfigurationList;
			buildConfigurations = (
				FAEB1467274E272D004B704C /* Debug */,
				FAEB1468274E272D004B704C /* Release */,
			);
			defaultConfigurationIsVisible = 0;
			defaultConfigurationName = Release;
		};
		FAEB1469274E272D004B704C /* Build configuration list for PBXNativeTarget "FirebaseChat" */ = {
			isa = XCConfigurationList;
			buildConfigurations = (
				FAEB146A274E272D004B704C /* Debug */,
				FAEB146B274E272D004B704C /* Release */,
			);
			defaultConfigurationIsVisible = 0;
			defaultConfigurationName = Release;
		};
/* End XCConfigurationList section */

/* Begin XCRemoteSwiftPackageReference section */
		FA59777F275562B700D87D31 /* XCRemoteSwiftPackageReference "firebase-ios-sdk" */ = {
			isa = XCRemoteSwiftPackageReference;
			repositoryURL = "https://github.com/firebase/firebase-ios-sdk.git";
			requirement = {
				kind = upToNextMajorVersion;
				minimumVersion = 8.9.1;
			};
		};
		FA8888F82758D43700225365 /* XCRemoteSwiftPackageReference "SDWebImageSwiftUI" */ = {
			isa = XCRemoteSwiftPackageReference;
			repositoryURL = "https://github.com/SDWebImage/SDWebImageSwiftUI.git";
			requirement = {
				kind = upToNextMajorVersion;
				minimumVersion = 2.0.2;
			};
		};
/* End XCRemoteSwiftPackageReference section */

/* Begin XCSwiftPackageProductDependency section */
		FA597780275562B700D87D31 /* FirebaseFunctions */ = {
			isa = XCSwiftPackageProductDependency;
			package = FA59777F275562B700D87D31 /* XCRemoteSwiftPackageReference "firebase-ios-sdk" */;
			productName = FirebaseFunctions;
		};
		FA597782275562B700D87D31 /* FirebaseStorage */ = {
			isa = XCSwiftPackageProductDependency;
			package = FA59777F275562B700D87D31 /* XCRemoteSwiftPackageReference "firebase-ios-sdk" */;
			productName = FirebaseStorage;
		};
		FA597784275562B700D87D31 /* FirebaseAuth */ = {
			isa = XCSwiftPackageProductDependency;
			package = FA59777F275562B700D87D31 /* XCRemoteSwiftPackageReference "firebase-ios-sdk" */;
			productName = FirebaseAuth;
		};
		FA597786275562B700D87D31 /* FirebaseFirestore */ = {
			isa = XCSwiftPackageProductDependency;
			package = FA59777F275562B700D87D31 /* XCRemoteSwiftPackageReference "firebase-ios-sdk" */;
			productName = FirebaseFirestore;
		};
		FA8888F92758D43700225365 /* SDWebImageSwiftUI */ = {
			isa = XCSwiftPackageProductDependency;
			package = FA8888F82758D43700225365 /* XCRemoteSwiftPackageReference "SDWebImageSwiftUI" */;
			productName = SDWebImageSwiftUI;
		};
/* End XCSwiftPackageProductDependency section */
	};
	rootObject = FAEB1452274E272C004B704C /* Project object */;
}
